
Microsoft Visual Studio Solution File, Format Version 12.00
# Visual Studio Version 17
VisualStudioVersion = 17.8.34408.163
MinimumVisualStudioVersion = 10.0.40219.1
Project("{9A19103F-16F7-4668-BE54-9A1E7A4F7556}") = "Test Task", "Test Task\Test Task.csproj", "{3F0DECE2-A3B5-4B18-AE07-4ABCA08E55BA}"
EndProject
Project("{FAE04EC0-301F-11D3-BF4B-00C04F79EFBC}") = "ConsoleApp", "ConsoleApp\ConsoleApp.csproj", "{00601C5F-57F6-4234-B2C3-A71D44764C3D}"
EndProject
Global
	GlobalSection(SolutionConfigurationPlatforms) = preSolution
		Debug|Any CPU = Debug|Any CPU
		Release|Any CPU = Release|Any CPU
	EndGlobalSection
	GlobalSection(ProjectConfigurationPlatforms) = postSolution
		{3F0DECE2-A3B5-4B18-AE07-4ABCA08E55BA}.Debug|Any CPU.ActiveCfg = Debug|Any CPU
		{3F0DECE2-A3B5-4B18-AE07-4ABCA08E55BA}.Debug|Any CPU.Build.0 = Debug|Any CPU
		{3F0DECE2-A3B5-4B18-AE07-4ABCA08E55BA}.Release|Any CPU.ActiveCfg = Release|Any CPU
		{3F0DECE2-A3B5-4B18-AE07-4ABCA08E55BA}.Release|Any CPU.Build.0 = Release|Any CPU
		{00601C5F-57F6-4234-B2C3-A71D44764C3D}.Debug|Any CPU.ActiveCfg = Debug|Any CPU
		{00601C5F-57F6-4234-B2C3-A71D44764C3D}.Debug|Any CPU.Build.0 = Debug|Any CPU
		{00601C5F-57F6-4234-B2C3-A71D44764C3D}.Release|Any CPU.ActiveCfg = Release|Any CPU
		{00601C5F-57F6-4234-B2C3-A71D44764C3D}.Release|Any CPU.Build.0 = Release|Any CPU
	EndGlobalSection
	GlobalSection(SolutionProperties) = preSolution
		HideSolutionNode = FALSE
	EndGlobalSection
	GlobalSection(ExtensibilityGlobals) = postSolution
		SolutionGuid = {0E874767-D8D5-4FCC-A2CB-EE5D95E3A6C7}
	EndGlobalSection
EndGlobal
